
Microsoft Visual Studio Solution File, Format Version 12.00
# Visual Studio Version 17
VisualStudioVersion = 17.13.35818.85 d17.13
MinimumVisualStudioVersion = 10.0.40219.1
Project("{FAE04EC0-301F-11D3-BF4B-00C04F79EFBC}") = "VaskEnTidLib", "VaskEnTidLib\VaskEnTidLib.csproj", "{59120305-63F7-48E5-A339-87A5ABC9E395}"
EndProject
Global
	GlobalSection(SolutionConfigurationPlatforms) = preSolution
		Debug|Any CPU = Debug|Any CPU
		Release|Any CPU = Release|Any CPU
	EndGlobalSection
	GlobalSection(ProjectConfigurationPlatforms) = postSolution
		{59120305-63F7-48E5-A339-87A5ABC9E395}.Debug|Any CPU.ActiveCfg = Debug|Any CPU
		{59120305-63F7-48E5-A339-87A5ABC9E395}.Debug|Any CPU.Build.0 = Debug|Any CPU
		{59120305-63F7-48E5-A339-87A5ABC9E395}.Release|Any CPU.ActiveCfg = Release|Any CPU
		{59120305-63F7-48E5-A339-87A5ABC9E395}.Release|Any CPU.Build.0 = Release|Any CPU
	EndGlobalSection
	GlobalSection(SolutionProperties) = preSolution
		HideSolutionNode = FALSE
	EndGlobalSection
	GlobalSection(ExtensibilityGlobals) = postSolution
		SolutionGuid = {60698E82-2A53-4FF9-A749-24831402051D}
	EndGlobalSection
EndGlobal
